{
  "pins" : [
    {
      "identity" : "guru-swift-sdk",
      "kind" : "remoteSourceControl",
      "location" : "https://github.com/Formguru/guru-swift-sdk/",
      "state" : {
        "revision" : "b5835c45023d38fa207c9dac90284319a89b68d8",
        "version" : "2.0.0"
      }
    }
  ],
  "version" : 2
}
