{
  "pins" : [
    {
      "identity" : "guru-swift-sdk",
      "kind" : "remoteSourceControl",
      "location" : "https://github.com/Formguru/guru-swift-sdk/",
      "state" : {
        "revision" : "e44aa4c9f5363f664cd113d820aafae1bb1efff1",
        "version" : "2.1.0"
      }
    }
  ],
  "version" : 2
}
