{
  "pins" : [
    {
      "identity" : "guru-swift-sdk",
      "kind" : "remoteSourceControl",
      "location" : "https://github.com/Formguru/guru-swift-sdk/",
      "state" : {
        "revision" : "593d6b58e5f24ede1a68bf2047f37dd6fb7bb6ad",
        "version" : "2.2.0"
      }
    }
  ],
  "version" : 2
}
